
Microsoft Visual Studio Solution File, Format Version 12.00
# Visual Studio Version 17
VisualStudioVersion = 17.8.34316.72
MinimumVisualStudioVersion = 10.0.40219.1
Project("{FAE04EC0-301F-11D3-BF4B-00C04F79EFBC}") = "Inventory", "Inventory\Inventory.csproj", "{65009F2D-7578-4B4D-AF48-B01277C64C89}"
EndProject
Global
	GlobalSection(SolutionConfigurationPlatforms) = preSolution
		Debug|Any CPU = Debug|Any CPU
		Release|Any CPU = Release|Any CPU
	EndGlobalSection
	GlobalSection(ProjectConfigurationPlatforms) = postSolution
		{65009F2D-7578-4B4D-AF48-B01277C64C89}.Debug|Any CPU.ActiveCfg = Debug|Any CPU
		{65009F2D-7578-4B4D-AF48-B01277C64C89}.Debug|Any CPU.Build.0 = Debug|Any CPU
		{65009F2D-7578-4B4D-AF48-B01277C64C89}.Release|Any CPU.ActiveCfg = Release|Any CPU
		{65009F2D-7578-4B4D-AF48-B01277C64C89}.Release|Any CPU.Build.0 = Release|Any CPU
	EndGlobalSection
	GlobalSection(SolutionProperties) = preSolution
		HideSolutionNode = FALSE
	EndGlobalSection
	GlobalSection(ExtensibilityGlobals) = postSolution
		SolutionGuid = {FC764883-3699-47A3-9FD8-55244E36DE3B}
	EndGlobalSection
EndGlobal
